
Microsoft Visual Studio Solution File, Format Version 12.00
# Visual Studio 15
VisualStudioVersion = 15.0.27703.2035
MinimumVisualStudioVersion = 10.0.40219.1
Project("{8BC9CEB8-8B4A-11D0-8D11-00A0C91BC942}") = "SFMLGames", "SFMLGames\SFMLGames.vcxproj", "{C1B04D53-1B03-47A5-BDE9-957D1778CEB8}"
EndProject
Global
	GlobalSection(SolutionConfigurationPlatforms) = preSolution
		Debug|x64 = Debug|x64
		Debug|x86 = Debug|x86
		Release|x64 = Release|x64
		Release|x86 = Release|x86
	EndGlobalSection
	GlobalSection(ProjectConfigurationPlatforms) = postSolution
		{C1B04D53-1B03-47A5-BDE9-957D1778CEB8}.Debug|x64.ActiveCfg = Debug|x64
		{C1B04D53-1B03-47A5-BDE9-957D1778CEB8}.Debug|x64.Build.0 = Debug|x64
		{C1B04D53-1B03-47A5-BDE9-957D1778CEB8}.Debug|x86.ActiveCfg = Debug|Win32
		{C1B04D53-1B03-47A5-BDE9-957D1778CEB8}.Debug|x86.Build.0 = Debug|Win32
		{C1B04D53-1B03-47A5-BDE9-957D1778CEB8}.Release|x64.ActiveCfg = Release|x64
		{C1B04D53-1B03-47A5-BDE9-957D1778CEB8}.Release|x64.Build.0 = Release|x64
		{C1B04D53-1B03-47A5-BDE9-957D1778CEB8}.Release|x86.ActiveCfg = Release|Win32
		{C1B04D53-1B03-47A5-BDE9-957D1778CEB8}.Release|x86.Build.0 = Release|Win32
	EndGlobalSection
	GlobalSection(SolutionProperties) = preSolution
		HideSolutionNode = FALSE
	EndGlobalSection
	GlobalSection(ExtensibilityGlobals) = postSolution
		SolutionGuid = {699ABA01-4D3C-41E6-A87F-93CE0FB1A9B7}
	EndGlobalSection
EndGlobal
